
Microsoft Visual Studio Solution File, Format Version 12.00
# Visual Studio 15
VisualStudioVersion = 15.0.26228.4
MinimumVisualStudioVersion = 10.0.40219.1
Project("{FAE04EC0-301F-11D3-BF4B-00C04F79EFBC}") = "Contact4", "Contact4\Contact4.csproj", "{FF3E3477-24E8-4CA1-B390-568F6C032910}"
EndProject
Global
	GlobalSection(SolutionConfigurationPlatforms) = preSolution
		Debug|Any CPU = Debug|Any CPU
		Release|Any CPU = Release|Any CPU
	EndGlobalSection
	GlobalSection(ProjectConfigurationPlatforms) = postSolution
		{FF3E3477-24E8-4CA1-B390-568F6C032910}.Debug|Any CPU.ActiveCfg = Debug|Any CPU
		{FF3E3477-24E8-4CA1-B390-568F6C032910}.Debug|Any CPU.Build.0 = Debug|Any CPU
		{FF3E3477-24E8-4CA1-B390-568F6C032910}.Release|Any CPU.ActiveCfg = Release|Any CPU
		{FF3E3477-24E8-4CA1-B390-568F6C032910}.Release|Any CPU.Build.0 = Release|Any CPU
	EndGlobalSection
	GlobalSection(SolutionProperties) = preSolution
		HideSolutionNode = FALSE
	EndGlobalSection
EndGlobal
